// !$*UTF8*$!
{
	archiveVersion = 1;
	classes = {
	};
	objectVersion = 46;
	objects = {

/* Begin PBXBuildFile section */
		EA0373761E415F16009C773F /* AppDelegate.swift in Sources */ = {isa = PBXBuildFile; fileRef = EA0373751E415F16009C773F /* AppDelegate.swift */; };
		EA0373781E415F16009C773F /* ViewController.swift in Sources */ = {isa = PBXBuildFile; fileRef = EA0373771E415F16009C773F /* ViewController.swift */; };
		EA03737B1E415F17009C773F /* Main.storyboard in Resources */ = {isa = PBXBuildFile; fileRef = EA0373791E415F17009C773F /* Main.storyboard */; };
		EA03737D1E415F17009C773F /* Assets.xcassets in Resources */ = {isa = PBXBuildFile; fileRef = EA03737C1E415F17009C773F /* Assets.xcassets */; };
		EA0373801E415F17009C773F /* LaunchScreen.storyboard in Resources */ = {isa = PBXBuildFile; fileRef = EA03737E1E415F17009C773F /* LaunchScreen.storyboard */; };
		EAC4517D1E416D6B005D088B /* CustomTodoTableViewCell.swift in Sources */ = {isa = PBXBuildFile; fileRef = EAC4517C1E416D6B005D088B /* CustomTodoTableViewCell.swift */; };
		EAC4517F1E417069005D088B /* DetailViewController.swift in Sources */ = {isa = PBXBuildFile; fileRef = EAC4517E1E417069005D088B /* DetailViewController.swift */; };
/* End PBXBuildFile section */

/* Begin PBXFileReference section */
		EA0373721E415F16009C773F /* Todo_Assigment2.app */ = {isa = PBXFileReference; explicitFileType = wrapper.application; includeInIndex = 0; path = Todo_Assigment2.app; sourceTree = BUILT_PRODUCTS_DIR; };
		EA0373751E415F16009C773F /* AppDelegate.swift */ = {isa = PBXFileReference; lastKnownFileType = sourcecode.swift; path = AppDelegate.swift; sourceTree = "<group>"; };
		EA0373771E415F16009C773F /* ViewController.swift */ = {isa = PBXFileReference; lastKnownFileType = sourcecode.swift; path = ViewController.swift; sourceTree = "<group>"; };
		EA03737A1E415F17009C773F /* Base */ = {isa = PBXFileReference; lastKnownFileType = file.storyboard; name = Base; path = Base.lproj/Main.storyboard; sourceTree = "<group>"; };
		EA03737C1E415F17009C773F /* Assets.xcassets */ = {isa = PBXFileReference; lastKnownFileType = folder.assetcatalog; path = Assets.xcassets; sourceTree = "<group>"; };
		EA03737F1E415F17009C773F /* Base */ = {isa = PBXFileReference; lastKnownFileType = file.storyboard; name = Base; path = Base.lproj/LaunchScreen.storyboard; sourceTree = "<group>"; };
		EA0373811E415F17009C773F /* Info.plist */ = {isa = PBXFileReference; lastKnownFileType = text.plist.xml; path = Info.plist; sourceTree = "<group>"; };
		EAC4517C1E416D6B005D088B /* CustomTodoTableViewCell.swift */ = {isa = PBXFileReference; fileEncoding = 4; lastKnownFileType = sourcecode.swift; path = CustomTodoTableViewCell.swift; sourceTree = "<group>"; };
		EAC4517E1E417069005D088B /* DetailViewController.swift */ = {isa = PBXFileReference; fileEncoding = 4; lastKnownFileType = sourcecode.swift; path = DetailViewController.swift; sourceTree = "<group>"; };
/* End PBXFileReference section */

/* Begin PBXFrameworksBuildPhase section */
		EA03736F1E415F16009C773F /* Frameworks */ = {
			isa = PBXFrameworksBuildPhase;
			buildActionMask = 2147483647;
			files = (
			);
			runOnlyForDeploymentPostprocessing = 0;
		};
/* End PBXFrameworksBuildPhase section */

/* Begin PBXGroup section */
		EA0373691E415F15009C773F = {
			isa = PBXGroup;
			children = (
				EA0373741E415F16009C773F /* Todo_Assigment2 */,
				EA0373731E415F16009C773F /* Products */,
			);
			sourceTree = "<group>";
		};
		EA0373731E415F16009C773F /* Products */ = {
			isa = PBXGroup;
			children = (
				EA0373721E415F16009C773F /* Todo_Assigment2.app */,
			);
			name = Products;
			sourceTree = "<group>";
		};
		EA0373741E415F16009C773F /* Todo_Assigment2 */ = {
			isa = PBXGroup;
			children = (
				EA0373751E415F16009C773F /* AppDelegate.swift */,
				EA0373771E415F16009C773F /* ViewController.swift */,
				EA0373791E415F17009C773F /* Main.storyboard */,
				EA03737C1E415F17009C773F /* Assets.xcassets */,
				EA03737E1E415F17009C773F /* LaunchScreen.storyboard */,
				EA0373811E415F17009C773F /* Info.plist */,
				EAC4517C1E416D6B005D088B /* CustomTodoTableViewCell.swift */,
				EAC4517E1E417069005D088B /* DetailViewController.swift */,
			);
			path = Todo_Assigment2;
			sourceTree = "<group>";
		};
/* End PBXGroup section */

/* Begin PBXNativeTarget section */
		EA0373711E415F16009C773F /* Todo_Assigment2 */ = {
			isa = PBXNativeTarget;
			buildConfigurationList = EA0373841E415F17009C773F /* Build configuration list for PBXNativeTarget "Todo_Assigment2" */;
			buildPhases = (
				EA03736E1E415F16009C773F /* Sources */,
				EA03736F1E415F16009C773F /* Frameworks */,
				EA0373701E415F16009C773F /* Resources */,
			);
			buildRules = (
			);
			dependencies = (
			);
			name = Todo_Assigment2;
			productName = Todo_Assigment2;
			productReference = EA0373721E415F16009C773F /* Todo_Assigment2.app */;
			productType = "com.apple.product-type.application";
		};
/* End PBXNativeTarget section */

/* Begin PBXProject section */
		EA03736A1E415F15009C773F /* Project object */ = {
			isa = PBXProject;
			attributes = {
				LastSwiftUpdateCheck = 0810;
				LastUpgradeCheck = 0810;
				ORGANIZATIONNAME = Polorg;
				TargetAttributes = {
					EA0373711E415F16009C773F = {
						CreatedOnToolsVersion = 8.1;
						DevelopmentTeam = 2BULHRS882;
						ProvisioningStyle = Automatic;
					};
				};
			};
			buildConfigurationList = EA03736D1E415F15009C773F /* Build configuration list for PBXProject "Todo_Assigment2" */;
			compatibilityVersion = "Xcode 3.2";
			developmentRegion = English;
			hasScannedForEncodings = 0;
			knownRegions = (
				en,
				Base,
			);
			mainGroup = EA0373691E415F15009C773F;
			productRefGroup = EA0373731E415F16009C773F /* Products */;
			projectDirPath = "";
			projectRoot = "";
			targets = (
				EA0373711E415F16009C773F /* Todo_Assigment2 */,
			);
		};
/* End PBXProject section */

/* Begin PBXResourcesBuildPhase section */
		EA0373701E415F16009C773F /* Resources */ = {
			isa = PBXResourcesBuildPhase;
			buildActionMask = 2147483647;
			files = (
				EA0373801E415F17009C773F /* LaunchScreen.storyboard in Resources */,
				EA03737D1E415F17009C773F /* Assets.xcassets in Resources */,
				EA03737B1E415F17009C773F /* Main.storyboard in Resources */,
			);
			runOnlyForDeploymentPostprocessing = 0;
		};
/* End PBXResourcesBuildPhase section */

/* Begin PBXSourcesBuildPhase section */
		EA03736E1E415F16009C773F /* Sources */ = {
			isa = PBXSourcesBuildPhase;
			buildActionMask = 2147483647;
			files = (
				EAC4517D1E416D6B005D088B /* CustomTodoTableViewCell.swift in Sources */,
				EA0373781E415F16009C773F /* ViewController.swift in Sources */,
				EA0373761E415F16009C773F /* AppDelegate.swift in Sources */,
				EAC4517F1E417069005D088B /* DetailViewController.swift in Sources */,
			);
			runOnlyForDeploymentPostprocessing = 0;
		};
/* End PBXSourcesBuildPhase section */

/* Begin PBXVariantGroup section */
		EA0373791E415F17009C773F /* Main.storyboard */ = {
			isa = PBXVariantGroup;
			children = (
				EA03737A1E415F17009C773F /* Base */,
			);
			name = Main.storyboard;
			sourceTree = "<group>";
		};
		EA03737E1E415F17009C773F /* LaunchScreen.storyboard */ = {
			isa = PBXVariantGroup;
			children = (
				EA03737F1E415F17009C773F /* Base */,
			);
			name = LaunchScreen.storyboard;
			sourceTree = "<group>";
		};
/* End PBXVariantGroup section */

/* Begin XCBuildConfiguration section */
		EA0373821E415F17009C773F /* Debug */ = {
			isa = XCBuildConfiguration;
			buildSettings = {
				ALWAYS_SEARCH_USER_PATHS = NO;
				CLANG_ANALYZER_NONNULL = YES;
				CLANG_CXX_LANGUAGE_STANDARD = "gnu++0x";
				CLANG_CXX_LIBRARY = "libc++";
				CLANG_ENABLE_MODULES = YES;
				CLANG_ENABLE_OBJC_ARC = YES;
				CLANG_WARN_BOOL_CONVERSION = YES;
				CLANG_WARN_CONSTANT_CONVERSION = YES;
				CLANG_WARN_DIRECT_OBJC_ISA_USAGE = YES_ERROR;
				CLANG_WARN_DOCUMENTATION_COMMENTS = YES;
				CLANG_WARN_EMPTY_BODY = YES;
				CLANG_WARN_ENUM_CONVERSION = YES;
				CLANG_WARN_INFINITE_RECURSION = YES;
				CLANG_WARN_INT_CONVERSION = YES;
				CLANG_WARN_OBJC_ROOT_CLASS = YES_ERROR;
				CLANG_WARN_SUSPICIOUS_MOVES = YES;
				CLANG_WARN_UNREACHABLE_CODE = YES;
				CLANG_WARN__DUPLICATE_METHOD_MATCH = YES;
				"CODE_SIGN_IDENTITY[sdk=iphoneos*]" = "iPhone Developer";
				COPY_PHASE_STRIP = NO;
				DEBUG_INFORMATION_FORMAT = dwarf;
				ENABLE_STRICT_OBJC_MSGSEND = YES;
				ENABLE_TESTABILITY = YES;
				GCC_C_LANGUAGE_STANDARD = gnu99;
				GCC_DYNAMIC_NO_PIC = NO;
				GCC_NO_COMMON_BLOCKS = YES;
				GCC_OPTIMIZATION_LEVEL = 0;
				GCC_PREPROCESSOR_DEFINITIONS = (
					"DEBUG=1",
					"$(inherited)",
				);
				GCC_WARN_64_TO_32_BIT_CONVERSION = YES;
				GCC_WARN_ABOUT_RETURN_TYPE = YES_ERROR;
				GCC_WARN_UNDECLARED_SELECTOR = YES;
				GCC_WARN_UNINITIALIZED_AUTOS = YES_AGGRESSIVE;
				GCC_WARN_UNUSED_FUNCTION = YES;
				GCC_WARN_UNUSED_VARIABLE = YES;
				IPHONEOS_DEPLOYMENT_TARGET = 10.1;
				MTL_ENABLE_DEBUG_INFO = YES;
				ONLY_ACTIVE_ARCH = YES;
				SDKROOT = iphoneos;
				SWIFT_ACTIVE_COMPILATION_CONDITIONS = DEBUG;
				SWIFT_OPTIMIZATION_LEVEL = "-Onone";
			};
			name = Debug;
		};
		EA0373831E415F17009C773F /* Release */ = {
			isa = XCBuildConfiguration;
			buildSettings = {
				ALWAYS_SEARCH_USER_PATHS = NO;
				CLANG_ANALYZER_NONNULL = YES;
				CLANG_CXX_LANGUAGE_STANDARD = "gnu++0x";
				CLANG_CXX_LIBRARY = "libc++";
				CLANG_ENABLE_MODULES = YES;
				CLANG_ENABLE_OBJC_ARC = YES;
				CLANG_WARN_BOOL_CONVERSION = YES;
				CLANG_WARN_CONSTANT_CONVERSION = YES;
				CLANG_WARN_DIRECT_OBJC_ISA_USAGE = YES_ERROR;
				CLANG_WARN_DOCUMENTATION_COMMENTS = YES;
				CLANG_WARN_EMPTY_BODY = YES;
				CLANG_WARN_ENUM_CONVERSION = YES;
				CLANG_WARN_INFINITE_RECURSION = YES;
				CLANG_WARN_INT_CONVERSION = YES;
				CLANG_WARN_OBJC_ROOT_CLASS = YES_ERROR;
				CLANG_WARN_SUSPICIOUS_MOVES = YES;
				CLANG_WARN_UNREACHABLE_CODE = YES;
				CLANG_WARN__DUPLICATE_METHOD_MATCH = YES;
				"CODE_SIGN_IDENTITY[sdk=iphoneos*]" = "iPhone Developer";
				COPY_PHASE_STRIP = NO;
				DEBUG_INFORMATION_FORMAT = "dwarf-with-dsym";
				ENABLE_NS_ASSERTIONS = NO;
				ENABLE_STRICT_OBJC_MSGSEND = YES;
				GCC_C_LANGUAGE_STANDARD = gnu99;
				GCC_NO_COMMON_BLOCKS = YES;
				GCC_WARN_64_TO_32_BIT_CONVERSION = YES;
				GCC_WARN_ABOUT_RETURN_TYPE = YES_ERROR;
				GCC_WARN_UNDECLARED_SELECTOR = YES;
				GCC_WARN_UNINITIALIZED_AUTOS = YES_AGGRESSIVE;
				GCC_WARN_UNUSED_FUNCTION = YES;
				GCC_WARN_UNUSED_VARIABLE = YES;
				IPHONEOS_DEPLOYMENT_TARGET = 10.1;
				MTL_ENABLE_DEBUG_INFO = NO;
				SDKROOT = iphoneos;
				SWIFT_OPTIMIZATION_LEVEL = "-Owholemodule";
				VALIDATE_PRODUCT = YES;
			};
			name = Release;
		};
		EA0373851E415F17009C773F /* Debug */ = {
			isa = XCBuildConfiguration;
			buildSettings = {
				ASSETCATALOG_COMPILER_APPICON_NAME = AppIcon;
				DEVELOPMENT_TEAM = 2BULHRS882;
				INFOPLIST_FILE = Todo_Assigment2/Info.plist;
				LD_RUNPATH_SEARCH_PATHS = "$(inherited) @executable_path/Frameworks";
				PRODUCT_BUNDLE_IDENTIFIER = "com.todo.app.Todo-Assigment2";
				PRODUCT_NAME = "$(TARGET_NAME)";
				SWIFT_VERSION = 3.0;
			};
			name = Debug;
		};
		EA0373861E415F17009C773F /* Release */ = {
			isa = XCBuildConfiguration;
			buildSettings = {
				ASSETCATALOG_COMPILER_APPICON_NAME = AppIcon;
				DEVELOPMENT_TEAM = 2BULHRS882;
				INFOPLIST_FILE = Todo_Assigment2/Info.plist;
				LD_RUNPATH_SEARCH_PATHS = "$(inherited) @executable_path/Frameworks";
				PRODUCT_BUNDLE_IDENTIFIER = "com.todo.app.Todo-Assigment2";
				PRODUCT_NAME = "$(TARGET_NAME)";
				SWIFT_VERSION = 3.0;
			};
			name = Release;
		};
/* End XCBuildConfiguration section */

/* Begin XCConfigurationList section */
		EA03736D1E415F15009C773F /* Build configuration list for PBXProject "Todo_Assigment2" */ = {
			isa = XCConfigurationList;
			buildConfigurations = (
				EA0373821E415F17009C773F /* Debug */,
				EA0373831E415F17009C773F /* Release */,
			);
			defaultConfigurationIsVisible = 0;
			defaultConfigurationName = Release;
		};
		EA0373841E415F17009C773F /* Build configuration list for PBXNativeTarget "Todo_Assigment2" */ = {
			isa = XCConfigurationList;
			buildConfigurations = (
				EA0373851E415F17009C773F /* Debug */,
				EA0373861E415F17009C773F /* Release */,
			);
			defaultConfigurationIsVisible = 0;
			defaultConfigurationName = Release;
		};
/* End XCConfigurationList section */
	};
	rootObject = EA03736A1E415F15009C773F /* Project object */;
}
